// !$*UTF8*$!
{
	archiveVersion = 1;
	classes = {
	};
	objectVersion = 46;
	objects = {

/* Begin PBXBuildFile section */
		3B10E56E1EDB2B1700EBA81C /* WebKit.framework in Frameworks */ = {isa = PBXBuildFile; fileRef = 3B10E56D1EDB2B1700EBA81C /* WebKit.framework */; };
		3B148CC31ED0DCC000613699 /* OpenSans-Regular.ttf in Resources */ = {isa = PBXBuildFile; fileRef = 3B148CC21ED0DCC000613699 /* OpenSans-Regular.ttf */; };
		3B148CC51ED0DCDD00613699 /* OpenSans-Bold.ttf in Resources */ = {isa = PBXBuildFile; fileRef = 3B148CC41ED0DCDD00613699 /* OpenSans-Bold.ttf */; };
		3B148CC71ED0DDAA00613699 /* OpenSans-Italic.ttf in Resources */ = {isa = PBXBuildFile; fileRef = 3B148CC61ED0DDAA00613699 /* OpenSans-Italic.ttf */; };
		3B1AAC281EEDC0EE00F99A52 /* TutorialScreenViewController.m in Sources */ = {isa = PBXBuildFile; fileRef = 3B1AAC271EEDC0EE00F99A52 /* TutorialScreenViewController.m */; };
		3B40EB7D1EDB3F2A0044F0B8 /* MWRC.png in Resources */ = {isa = PBXBuildFile; fileRef = 3B40EB7C1EDB3F2A0044F0B8 /* MWRC.png */; };
		3BC490781EBF9DF400DA4B39 /* main.m in Sources */ = {isa = PBXBuildFile; fileRef = 3BC490771EBF9DF400DA4B39 /* main.m */; };
		3BC4907B1EBF9DF400DA4B39 /* AppDelegate.m in Sources */ = {isa = PBXBuildFile; fileRef = 3BC4907A1EBF9DF400DA4B39 /* AppDelegate.m */; };
		3BC4907E1EBF9DF400DA4B39 /* ViewController.m in Sources */ = {isa = PBXBuildFile; fileRef = 3BC4907D1EBF9DF400DA4B39 /* ViewController.m */; };
		3BC490811EBF9DF400DA4B39 /* Main.storyboard in Resources */ = {isa = PBXBuildFile; fileRef = 3BC4907F1EBF9DF400DA4B39 /* Main.storyboard */; };
		3BC490831EBF9DF400DA4B39 /* Assets.xcassets in Resources */ = {isa = PBXBuildFile; fileRef = 3BC490821EBF9DF400DA4B39 /* Assets.xcassets */; };
		3BC490861EBF9DF400DA4B39 /* LaunchScreen.storyboard in Resources */ = {isa = PBXBuildFile; fileRef = 3BC490841EBF9DF400DA4B39 /* LaunchScreen.storyboard */; };
		3BC490911EBF9DF500DA4B39 /* RealtorChecksTests.m in Sources */ = {isa = PBXBuildFile; fileRef = 3BC490901EBF9DF500DA4B39 /* RealtorChecksTests.m */; };
		3BC4909C1EBF9DF500DA4B39 /* RealtorChecksUITests.m in Sources */ = {isa = PBXBuildFile; fileRef = 3BC4909B1EBF9DF500DA4B39 /* RealtorChecksUITests.m */; };
		3BC490AB1EBFEC8B00DA4B39 /* PhotoViewController.m in Sources */ = {isa = PBXBuildFile; fileRef = 3BC490AA1EBFEC8B00DA4B39 /* PhotoViewController.m */; };
		3BC490B11EBFED6800DA4B39 /* ChecksViewController.m in Sources */ = {isa = PBXBuildFile; fileRef = 3BC490B01EBFED6800DA4B39 /* ChecksViewController.m */; };
		3BC490B71EC2BE4500DA4B39 /* Model.xcdatamodeld in Sources */ = {isa = PBXBuildFile; fileRef = 3BC490B51EC2BE4500DA4B39 /* Model.xcdatamodeld */; };
		3BC490BA1EC2C3CA00DA4B39 /* CoreData.framework in Frameworks */ = {isa = PBXBuildFile; fileRef = 3BC490B91EC2C3CA00DA4B39 /* CoreData.framework */; };
		3BC491021EC2EAF800DA4B39 /* OptionsView.m in Sources */ = {isa = PBXBuildFile; fileRef = 3BC491011EC2EAF800DA4B39 /* OptionsView.m */; };
		3BC491051EC383E300DA4B39 /* CheckCell.m in Sources */ = {isa = PBXBuildFile; fileRef = 3BC491041EC383E300DA4B39 /* CheckCell.m */; };
		3BC491081EC3B8EA00DA4B39 /* PDFController.m in Sources */ = {isa = PBXBuildFile; fileRef = 3BC491071EC3B8EA00DA4B39 /* PDFController.m */; };
		3BC4910A1EC5771A00DA4B39 /* CoreText.framework in Frameworks */ = {isa = PBXBuildFile; fileRef = 3BC491091EC5771A00DA4B39 /* CoreText.framework */; };
		3BC4910D1EC652E800DA4B39 /* SendViewController.m in Sources */ = {isa = PBXBuildFile; fileRef = 3BC4910C1EC652E800DA4B39 /* SendViewController.m */; };
		3BC491101EC6711300DA4B39 /* CustomPDFRenderer.m in Sources */ = {isa = PBXBuildFile; fileRef = 3BC4910F1EC6711300DA4B39 /* CustomPDFRenderer.m */; };
		3BC491121EC6885000DA4B39 /* checks.html in Resources */ = {isa = PBXBuildFile; fileRef = 3BC491111EC6885000DA4B39 /* checks.html */; };
		3BC491141EC68F6A00DA4B39 /* MessageUI.framework in Frameworks */ = {isa = PBXBuildFile; fileRef = 3BC491131EC68F6A00DA4B39 /* MessageUI.framework */; };
		3BDBDB811F0340B4001F0667 /* IPDFCameraViewController.m in Sources */ = {isa = PBXBuildFile; fileRef = 3BDBDB801F0340B4001F0667 /* IPDFCameraViewController.m */; };
		3BEBF8B81F0335E900470E9F /* CameraViewController.m in Sources */ = {isa = PBXBuildFile; fileRef = 3BEBF8B71F0335E900470E9F /* CameraViewController.m */; };
/* End PBXBuildFile section */

/* Begin PBXContainerItemProxy section */
		3BC4908D1EBF9DF500DA4B39 /* PBXContainerItemProxy */ = {
			isa = PBXContainerItemProxy;
			containerPortal = 3BC4906B1EBF9DF400DA4B39 /* Project object */;
			proxyType = 1;
			remoteGlobalIDString = 3BC490721EBF9DF400DA4B39;
			remoteInfo = RealtorChecks;
		};
		3BC490981EBF9DF500DA4B39 /* PBXContainerItemProxy */ = {
			isa = PBXContainerItemProxy;
			containerPortal = 3BC4906B1EBF9DF400DA4B39 /* Project object */;
			proxyType = 1;
			remoteGlobalIDString = 3BC490721EBF9DF400DA4B39;
			remoteInfo = RealtorChecks;
		};
/* End PBXContainerItemProxy section */

/* Begin PBXCopyFilesBuildPhase section */
		3B938F431EFF367600EF2923 /* Embed Frameworks */ = {
			isa = PBXCopyFilesBuildPhase;
			buildActionMask = 2147483647;
			dstPath = "";
			dstSubfolderSpec = 10;
			files = (
			);
			name = "Embed Frameworks";
			runOnlyForDeploymentPostprocessing = 0;
		};
/* End PBXCopyFilesBuildPhase section */

/* Begin PBXFileReference section */
		3B10E56D1EDB2B1700EBA81C /* WebKit.framework */ = {isa = PBXFileReference; lastKnownFileType = wrapper.framework; name = WebKit.framework; path = System/Library/Frameworks/WebKit.framework; sourceTree = SDKROOT; };
		3B148CC21ED0DCC000613699 /* OpenSans-Regular.ttf */ = {isa = PBXFileReference; lastKnownFileType = file; path = "OpenSans-Regular.ttf"; sourceTree = "<group>"; };
		3B148CC41ED0DCDD00613699 /* OpenSans-Bold.ttf */ = {isa = PBXFileReference; lastKnownFileType = file; path = "OpenSans-Bold.ttf"; sourceTree = "<group>"; };
		3B148CC61ED0DDAA00613699 /* OpenSans-Italic.ttf */ = {isa = PBXFileReference; lastKnownFileType = file; path = "OpenSans-Italic.ttf"; sourceTree = "<group>"; };
		3B1AAC261EEDC0EE00F99A52 /* TutorialScreenViewController.h */ = {isa = PBXFileReference; fileEncoding = 4; lastKnownFileType = sourcecode.c.h; path = TutorialScreenViewController.h; sourceTree = "<group>"; };
		3B1AAC271EEDC0EE00F99A52 /* TutorialScreenViewController.m */ = {isa = PBXFileReference; fileEncoding = 4; lastKnownFileType = sourcecode.c.objc; path = TutorialScreenViewController.m; sourceTree = "<group>"; };
		3B40EB7C1EDB3F2A0044F0B8 /* MWRC.png */ = {isa = PBXFileReference; lastKnownFileType = image.png; path = MWRC.png; sourceTree = "<group>"; };
		3BC490731EBF9DF400DA4B39 /* RealtorChecks.app */ = {isa = PBXFileReference; explicitFileType = wrapper.application; includeInIndex = 0; path = RealtorChecks.app; sourceTree = BUILT_PRODUCTS_DIR; };
		3BC490771EBF9DF400DA4B39 /* main.m */ = {isa = PBXFileReference; lastKnownFileType = sourcecode.c.objc; path = main.m; sourceTree = "<group>"; };
		3BC490791EBF9DF400DA4B39 /* AppDelegate.h */ = {isa = PBXFileReference; lastKnownFileType = sourcecode.c.h; path = AppDelegate.h; sourceTree = "<group>"; };
		3BC4907A1EBF9DF400DA4B39 /* AppDelegate.m */ = {isa = PBXFileReference; lastKnownFileType = sourcecode.c.objc; path = AppDelegate.m; sourceTree = "<group>"; };
		3BC4907C1EBF9DF400DA4B39 /* ViewController.h */ = {isa = PBXFileReference; lastKnownFileType = sourcecode.c.h; path = ViewController.h; sourceTree = "<group>"; };
		3BC4907D1EBF9DF400DA4B39 /* ViewController.m */ = {isa = PBXFileReference; lastKnownFileType = sourcecode.c.objc; path = ViewController.m; sourceTree = "<group>"; };
		3BC490801EBF9DF400DA4B39 /* Base */ = {isa = PBXFileReference; lastKnownFileType = file.storyboard; name = Base; path = Base.lproj/Main.storyboard; sourceTree = "<group>"; };
		3BC490821EBF9DF400DA4B39 /* Assets.xcassets */ = {isa = PBXFileReference; lastKnownFileType = folder.assetcatalog; path = Assets.xcassets; sourceTree = "<group>"; };
		3BC490851EBF9DF400DA4B39 /* Base */ = {isa = PBXFileReference; lastKnownFileType = file.storyboard; name = Base; path = Base.lproj/LaunchScreen.storyboard; sourceTree = "<group>"; };
		3BC490871EBF9DF400DA4B39 /* Info.plist */ = {isa = PBXFileReference; lastKnownFileType = text.plist.xml; path = Info.plist; sourceTree = "<group>"; };
		3BC4908C1EBF9DF500DA4B39 /* RealtorChecksTests.xctest */ = {isa = PBXFileReference; explicitFileType = wrapper.cfbundle; includeInIndex = 0; path = RealtorChecksTests.xctest; sourceTree = BUILT_PRODUCTS_DIR; };
		3BC490901EBF9DF500DA4B39 /* RealtorChecksTests.m */ = {isa = PBXFileReference; lastKnownFileType = sourcecode.c.objc; path = RealtorChecksTests.m; sourceTree = "<group>"; };
		3BC490921EBF9DF500DA4B39 /* Info.plist */ = {isa = PBXFileReference; lastKnownFileType = text.plist.xml; path = Info.plist; sourceTree = "<group>"; };
		3BC490971EBF9DF500DA4B39 /* RealtorChecksUITests.xctest */ = {isa = PBXFileReference; explicitFileType = wrapper.cfbundle; includeInIndex = 0; path = RealtorChecksUITests.xctest; sourceTree = BUILT_PRODUCTS_DIR; };
		3BC4909B1EBF9DF500DA4B39 /* RealtorChecksUITests.m */ = {isa = PBXFileReference; lastKnownFileType = sourcecode.c.objc; path = RealtorChecksUITests.m; sourceTree = "<group>"; };
		3BC4909D1EBF9DF500DA4B39 /* Info.plist */ = {isa = PBXFileReference; lastKnownFileType = text.plist.xml; path = Info.plist; sourceTree = "<group>"; };
		3BC490A91EBFEC8B00DA4B39 /* PhotoViewController.h */ = {isa = PBXFileReference; fileEncoding = 4; lastKnownFileType = sourcecode.c.h; path = PhotoViewController.h; sourceTree = "<group>"; };
		3BC490AA1EBFEC8B00DA4B39 /* PhotoViewController.m */ = {isa = PBXFileReference; fileEncoding = 4; lastKnownFileType = sourcecode.c.objc; path = PhotoViewController.m; sourceTree = "<group>"; };
		3BC490AF1EBFED6800DA4B39 /* ChecksViewController.h */ = {isa = PBXFileReference; fileEncoding = 4; lastKnownFileType = sourcecode.c.h; path = ChecksViewController.h; sourceTree = "<group>"; };
		3BC490B01EBFED6800DA4B39 /* ChecksViewController.m */ = {isa = PBXFileReference; fileEncoding = 4; lastKnownFileType = sourcecode.c.objc; path = ChecksViewController.m; sourceTree = "<group>"; };
		3BC490B61EC2BE4500DA4B39 /* Model.xcdatamodel */ = {isa = PBXFileReference; lastKnownFileType = wrapper.xcdatamodel; path = Model.xcdatamodel; sourceTree = "<group>"; };
		3BC490B91EC2C3CA00DA4B39 /* CoreData.framework */ = {isa = PBXFileReference; lastKnownFileType = wrapper.framework; name = CoreData.framework; path = System/Library/Frameworks/CoreData.framework; sourceTree = SDKROOT; };
		3BC491001EC2EAF800DA4B39 /* OptionsView.h */ = {isa = PBXFileReference; fileEncoding = 4; lastKnownFileType = sourcecode.c.h; path = OptionsView.h; sourceTree = "<group>"; };
		3BC491011EC2EAF800DA4B39 /* OptionsView.m */ = {isa = PBXFileReference; fileEncoding = 4; lastKnownFileType = sourcecode.c.objc; path = OptionsView.m; sourceTree = "<group>"; };
		3BC491031EC383E300DA4B39 /* CheckCell.h */ = {isa = PBXFileReference; fileEncoding = 4; lastKnownFileType = sourcecode.c.h; path = CheckCell.h; sourceTree = "<group>"; };
		3BC491041EC383E300DA4B39 /* CheckCell.m */ = {isa = PBXFileReference; fileEncoding = 4; lastKnownFileType = sourcecode.c.objc; path = CheckCell.m; sourceTree = "<group>"; };
		3BC491061EC3B8EA00DA4B39 /* PDFController.h */ = {isa = PBXFileReference; fileEncoding = 4; lastKnownFileType = sourcecode.c.h; path = PDFController.h; sourceTree = "<group>"; };
		3BC491071EC3B8EA00DA4B39 /* PDFController.m */ = {isa = PBXFileReference; fileEncoding = 4; lastKnownFileType = sourcecode.c.objc; path = PDFController.m; sourceTree = "<group>"; };
		3BC491091EC5771A00DA4B39 /* CoreText.framework */ = {isa = PBXFileReference; lastKnownFileType = wrapper.framework; name = CoreText.framework; path = System/Library/Frameworks/CoreText.framework; sourceTree = SDKROOT; };
		3BC4910B1EC652E800DA4B39 /* SendViewController.h */ = {isa = PBXFileReference; fileEncoding = 4; lastKnownFileType = sourcecode.c.h; path = SendViewController.h; sourceTree = "<group>"; };
		3BC4910C1EC652E800DA4B39 /* SendViewController.m */ = {isa = PBXFileReference; fileEncoding = 4; lastKnownFileType = sourcecode.c.objc; path = SendViewController.m; sourceTree = "<group>"; };
		3BC4910E1EC6711300DA4B39 /* CustomPDFRenderer.h */ = {isa = PBXFileReference; fileEncoding = 4; lastKnownFileType = sourcecode.c.h; path = CustomPDFRenderer.h; sourceTree = "<group>"; };
		3BC4910F1EC6711300DA4B39 /* CustomPDFRenderer.m */ = {isa = PBXFileReference; fileEncoding = 4; lastKnownFileType = sourcecode.c.objc; path = CustomPDFRenderer.m; sourceTree = "<group>"; };
		3BC491111EC6885000DA4B39 /* checks.html */ = {isa = PBXFileReference; fileEncoding = 4; lastKnownFileType = text.html; path = checks.html; sourceTree = "<group>"; };
		3BC491131EC68F6A00DA4B39 /* MessageUI.framework */ = {isa = PBXFileReference; lastKnownFileType = wrapper.framework; name = MessageUI.framework; path = System/Library/Frameworks/MessageUI.framework; sourceTree = SDKROOT; };
		3BDBDB7F1F0340B4001F0667 /* IPDFCameraViewController.h */ = {isa = PBXFileReference; fileEncoding = 4; lastKnownFileType = sourcecode.c.h; path = IPDFCameraViewController.h; sourceTree = "<group>"; };
		3BDBDB801F0340B4001F0667 /* IPDFCameraViewController.m */ = {isa = PBXFileReference; fileEncoding = 4; lastKnownFileType = sourcecode.c.objc; path = IPDFCameraViewController.m; sourceTree = "<group>"; };
		3BEBF8B61F0335E900470E9F /* CameraViewController.h */ = {isa = PBXFileReference; fileEncoding = 4; lastKnownFileType = sourcecode.c.h; path = CameraViewController.h; sourceTree = "<group>"; };
		3BEBF8B71F0335E900470E9F /* CameraViewController.m */ = {isa = PBXFileReference; fileEncoding = 4; lastKnownFileType = sourcecode.c.objc; path = CameraViewController.m; sourceTree = "<group>"; };
/* End PBXFileReference section */

/* Begin PBXFrameworksBuildPhase section */
		3BC490701EBF9DF400DA4B39 /* Frameworks */ = {
			isa = PBXFrameworksBuildPhase;
			buildActionMask = 2147483647;
			files = (
				3B10E56E1EDB2B1700EBA81C /* WebKit.framework in Frameworks */,
				3BC491141EC68F6A00DA4B39 /* MessageUI.framework in Frameworks */,
				3BC4910A1EC5771A00DA4B39 /* CoreText.framework in Frameworks */,
				3BC490BA1EC2C3CA00DA4B39 /* CoreData.framework in Frameworks */,
			);
			runOnlyForDeploymentPostprocessing = 0;
		};
		3BC490891EBF9DF500DA4B39 /* Frameworks */ = {
			isa = PBXFrameworksBuildPhase;
			buildActionMask = 2147483647;
			files = (
			);
			runOnlyForDeploymentPostprocessing = 0;
		};
		3BC490941EBF9DF500DA4B39 /* Frameworks */ = {
			isa = PBXFrameworksBuildPhase;
			buildActionMask = 2147483647;
			files = (
			);
			runOnlyForDeploymentPostprocessing = 0;
		};
/* End PBXFrameworksBuildPhase section */

/* Begin PBXGroup section */
		3B5761BD1EEC8CDA00543E85 /* View Controllers */ = {
			isa = PBXGroup;
			children = (
				3BC4907C1EBF9DF400DA4B39 /* ViewController.h */,
				3BC4907D1EBF9DF400DA4B39 /* ViewController.m */,
				3BEBF8B61F0335E900470E9F /* CameraViewController.h */,
				3BEBF8B71F0335E900470E9F /* CameraViewController.m */,
				3BC490A91EBFEC8B00DA4B39 /* PhotoViewController.h */,
				3BC490AA1EBFEC8B00DA4B39 /* PhotoViewController.m */,
				3BC4910B1EC652E800DA4B39 /* SendViewController.h */,
				3BC4910C1EC652E800DA4B39 /* SendViewController.m */,
				3BC490AF1EBFED6800DA4B39 /* ChecksViewController.h */,
				3BC490B01EBFED6800DA4B39 /* ChecksViewController.m */,
				3B1AAC261EEDC0EE00F99A52 /* TutorialScreenViewController.h */,
				3B1AAC271EEDC0EE00F99A52 /* TutorialScreenViewController.m */,
			);
			name = "View Controllers";
			sourceTree = "<group>";
		};
		3B5761BF1EEC8CF500543E85 /* Views */ = {
			isa = PBXGroup;
			children = (
				3BC491001EC2EAF800DA4B39 /* OptionsView.h */,
				3BC491011EC2EAF800DA4B39 /* OptionsView.m */,
				3BC491031EC383E300DA4B39 /* CheckCell.h */,
				3BC491041EC383E300DA4B39 /* CheckCell.m */,
			);
			name = Views;
			sourceTree = "<group>";
		};
		3B5761C01EEC8D0C00543E85 /* Controllers */ = {
			isa = PBXGroup;
			children = (
				3BC4910E1EC6711300DA4B39 /* CustomPDFRenderer.h */,
				3BC4910F1EC6711300DA4B39 /* CustomPDFRenderer.m */,
				3BC491061EC3B8EA00DA4B39 /* PDFController.h */,
				3BC491071EC3B8EA00DA4B39 /* PDFController.m */,
			);
			name = Controllers;
			sourceTree = "<group>";
		};
		3BC4906A1EBF9DF400DA4B39 = {
			isa = PBXGroup;
			children = (
				3BC490751EBF9DF400DA4B39 /* RealtorChecks */,
				3BC4908F1EBF9DF500DA4B39 /* RealtorChecksTests */,
				3BC4909A1EBF9DF500DA4B39 /* RealtorChecksUITests */,
				3BC490741EBF9DF400DA4B39 /* Products */,
				3BC490B81EC2C3CA00DA4B39 /* Frameworks */,
			);
			sourceTree = "<group>";
		};
		3BC490741EBF9DF400DA4B39 /* Products */ = {
			isa = PBXGroup;
			children = (
				3BC490731EBF9DF400DA4B39 /* RealtorChecks.app */,
				3BC4908C1EBF9DF500DA4B39 /* RealtorChecksTests.xctest */,
				3BC490971EBF9DF500DA4B39 /* RealtorChecksUITests.xctest */,
			);
			name = Products;
			sourceTree = "<group>";
		};
		3BC490751EBF9DF400DA4B39 /* RealtorChecks */ = {
			isa = PBXGroup;
			children = (
				3BDBDB7F1F0340B4001F0667 /* IPDFCameraViewController.h */,
				3BDBDB801F0340B4001F0667 /* IPDFCameraViewController.m */,
				3B5761BD1EEC8CDA00543E85 /* View Controllers */,
				3B5761BF1EEC8CF500543E85 /* Views */,
				3B5761C01EEC8D0C00543E85 /* Controllers */,
				3BC4907F1EBF9DF400DA4B39 /* Main.storyboard */,
				3BC491111EC6885000DA4B39 /* checks.html */,
				3B40EB7C1EDB3F2A0044F0B8 /* MWRC.png */,
				3BC490761EBF9DF400DA4B39 /* Supporting Files */,
			);
			path = RealtorChecks;
			sourceTree = "<group>";
		};
		3BC490761EBF9DF400DA4B39 /* Supporting Files */ = {
			isa = PBXGroup;
			children = (
				3BC490B51EC2BE4500DA4B39 /* Model.xcdatamodeld */,
				3B148CC21ED0DCC000613699 /* OpenSans-Regular.ttf */,
				3B148CC41ED0DCDD00613699 /* OpenSans-Bold.ttf */,
				3B148CC61ED0DDAA00613699 /* OpenSans-Italic.ttf */,
				3BC490821EBF9DF400DA4B39 /* Assets.xcassets */,
				3BC490841EBF9DF400DA4B39 /* LaunchScreen.storyboard */,
				3BC490871EBF9DF400DA4B39 /* Info.plist */,
				3BC490791EBF9DF400DA4B39 /* AppDelegate.h */,
				3BC4907A1EBF9DF400DA4B39 /* AppDelegate.m */,
				3BC490771EBF9DF400DA4B39 /* main.m */,
			);
			name = "Supporting Files";
			sourceTree = "<group>";
		};
		3BC4908F1EBF9DF500DA4B39 /* RealtorChecksTests */ = {
			isa = PBXGroup;
			children = (
				3BC490901EBF9DF500DA4B39 /* RealtorChecksTests.m */,
				3BC490921EBF9DF500DA4B39 /* Info.plist */,
			);
			path = RealtorChecksTests;
			sourceTree = "<group>";
		};
		3BC4909A1EBF9DF500DA4B39 /* RealtorChecksUITests */ = {
			isa = PBXGroup;
			children = (
				3BC4909B1EBF9DF500DA4B39 /* RealtorChecksUITests.m */,
				3BC4909D1EBF9DF500DA4B39 /* Info.plist */,
			);
			path = RealtorChecksUITests;
			sourceTree = "<group>";
		};
		3BC490B81EC2C3CA00DA4B39 /* Frameworks */ = {
			isa = PBXGroup;
			children = (
				3B10E56D1EDB2B1700EBA81C /* WebKit.framework */,
				3BC491131EC68F6A00DA4B39 /* MessageUI.framework */,
				3BC491091EC5771A00DA4B39 /* CoreText.framework */,
				3BC490B91EC2C3CA00DA4B39 /* CoreData.framework */,
			);
			name = Frameworks;
			sourceTree = "<group>";
		};
/* End PBXGroup section */

/* Begin PBXNativeTarget section */
		3BC490721EBF9DF400DA4B39 /* RealtorChecks */ = {
			isa = PBXNativeTarget;
			buildConfigurationList = 3BC490A01EBF9DF500DA4B39 /* Build configuration list for PBXNativeTarget "RealtorChecks" */;
			buildPhases = (
				3BC4906F1EBF9DF400DA4B39 /* Sources */,
				3BC490701EBF9DF400DA4B39 /* Frameworks */,
				3BC490711EBF9DF400DA4B39 /* Resources */,
				3B938F431EFF367600EF2923 /* Embed Frameworks */,
			);
			buildRules = (
			);
			dependencies = (
			);
			name = RealtorChecks;
			productName = RealtorChecks;
			productReference = 3BC490731EBF9DF400DA4B39 /* RealtorChecks.app */;
			productType = "com.apple.product-type.application";
		};
		3BC4908B1EBF9DF500DA4B39 /* RealtorChecksTests */ = {
			isa = PBXNativeTarget;
			buildConfigurationList = 3BC490A31EBF9DF500DA4B39 /* Build configuration list for PBXNativeTarget "RealtorChecksTests" */;
			buildPhases = (
				3BC490881EBF9DF500DA4B39 /* Sources */,
				3BC490891EBF9DF500DA4B39 /* Frameworks */,
				3BC4908A1EBF9DF500DA4B39 /* Resources */,
			);
			buildRules = (
			);
			dependencies = (
				3BC4908E1EBF9DF500DA4B39 /* PBXTargetDependency */,
			);
			name = RealtorChecksTests;
			productName = RealtorChecksTests;
			productReference = 3BC4908C1EBF9DF500DA4B39 /* RealtorChecksTests.xctest */;
			productType = "com.apple.product-type.bundle.unit-test";
		};
		3BC490961EBF9DF500DA4B39 /* RealtorChecksUITests */ = {
			isa = PBXNativeTarget;
			buildConfigurationList = 3BC490A61EBF9DF500DA4B39 /* Build configuration list for PBXNativeTarget "RealtorChecksUITests" */;
			buildPhases = (
				3BC490931EBF9DF500DA4B39 /* Sources */,
				3BC490941EBF9DF500DA4B39 /* Frameworks */,
				3BC490951EBF9DF500DA4B39 /* Resources */,
			);
			buildRules = (
			);
			dependencies = (
				3BC490991EBF9DF500DA4B39 /* PBXTargetDependency */,
			);
			name = RealtorChecksUITests;
			productName = RealtorChecksUITests;
			productReference = 3BC490971EBF9DF500DA4B39 /* RealtorChecksUITests.xctest */;
			productType = "com.apple.product-type.bundle.ui-testing";
		};
/* End PBXNativeTarget section */

/* Begin PBXProject section */
		3BC4906B1EBF9DF400DA4B39 /* Project object */ = {
			isa = PBXProject;
			attributes = {
				LastUpgradeCheck = 0830;
				ORGANIZATIONNAME = "Triple Torus Software";
				TargetAttributes = {
					3BC490721EBF9DF400DA4B39 = {
						CreatedOnToolsVersion = 8.3.2;
						DevelopmentTeam = Q443KXN5V7;
						ProvisioningStyle = Automatic;
					};
					3BC4908B1EBF9DF500DA4B39 = {
						CreatedOnToolsVersion = 8.3.2;
						DevelopmentTeam = Q443KXN5V7;
						ProvisioningStyle = Automatic;
						TestTargetID = 3BC490721EBF9DF400DA4B39;
					};
					3BC490961EBF9DF500DA4B39 = {
						CreatedOnToolsVersion = 8.3.2;
						DevelopmentTeam = Q443KXN5V7;
						ProvisioningStyle = Automatic;
						TestTargetID = 3BC490721EBF9DF400DA4B39;
					};
				};
			};
			buildConfigurationList = 3BC4906E1EBF9DF400DA4B39 /* Build configuration list for PBXProject "RealtorChecks" */;
			compatibilityVersion = "Xcode 3.2";
			developmentRegion = English;
			hasScannedForEncodings = 0;
			knownRegions = (
				en,
				Base,
			);
			mainGroup = 3BC4906A1EBF9DF400DA4B39;
			productRefGroup = 3BC490741EBF9DF400DA4B39 /* Products */;
			projectDirPath = "";
			projectRoot = "";
			targets = (
				3BC490721EBF9DF400DA4B39 /* RealtorChecks */,
				3BC4908B1EBF9DF500DA4B39 /* RealtorChecksTests */,
				3BC490961EBF9DF500DA4B39 /* RealtorChecksUITests */,
			);
		};
/* End PBXProject section */

/* Begin PBXResourcesBuildPhase section */
		3BC490711EBF9DF400DA4B39 /* Resources */ = {
			isa = PBXResourcesBuildPhase;
			buildActionMask = 2147483647;
			files = (
				3B148CC31ED0DCC000613699 /* OpenSans-Regular.ttf in Resources */,
				3BC490861EBF9DF400DA4B39 /* LaunchScreen.storyboard in Resources */,
				3B148CC51ED0DCDD00613699 /* OpenSans-Bold.ttf in Resources */,
				3BC490831EBF9DF400DA4B39 /* Assets.xcassets in Resources */,
				3B40EB7D1EDB3F2A0044F0B8 /* MWRC.png in Resources */,
				3BC490811EBF9DF400DA4B39 /* Main.storyboard in Resources */,
				3BC491121EC6885000DA4B39 /* checks.html in Resources */,
				3B148CC71ED0DDAA00613699 /* OpenSans-Italic.ttf in Resources */,
			);
			runOnlyForDeploymentPostprocessing = 0;
		};
		3BC4908A1EBF9DF500DA4B39 /* Resources */ = {
			isa = PBXResourcesBuildPhase;
			buildActionMask = 2147483647;
			files = (
			);
			runOnlyForDeploymentPostprocessing = 0;
		};
		3BC490951EBF9DF500DA4B39 /* Resources */ = {
			isa = PBXResourcesBuildPhase;
			buildActionMask = 2147483647;
			files = (
			);
			runOnlyForDeploymentPostprocessing = 0;
		};
/* End PBXResourcesBuildPhase section */

/* Begin PBXSourcesBuildPhase section */
		3BC4906F1EBF9DF400DA4B39 /* Sources */ = {
			isa = PBXSourcesBuildPhase;
			buildActionMask = 2147483647;
			files = (
				3BC4907E1EBF9DF400DA4B39 /* ViewController.m in Sources */,
				3BC490AB1EBFEC8B00DA4B39 /* PhotoViewController.m in Sources */,
				3BDBDB811F0340B4001F0667 /* IPDFCameraViewController.m in Sources */,
				3BC491101EC6711300DA4B39 /* CustomPDFRenderer.m in Sources */,
				3BC490B11EBFED6800DA4B39 /* ChecksViewController.m in Sources */,
				3BC490B71EC2BE4500DA4B39 /* Model.xcdatamodeld in Sources */,
				3BC491081EC3B8EA00DA4B39 /* PDFController.m in Sources */,
				3BC4907B1EBF9DF400DA4B39 /* AppDelegate.m in Sources */,
				3B1AAC281EEDC0EE00F99A52 /* TutorialScreenViewController.m in Sources */,
				3BC490781EBF9DF400DA4B39 /* main.m in Sources */,
				3BEBF8B81F0335E900470E9F /* CameraViewController.m in Sources */,
				3BC491021EC2EAF800DA4B39 /* OptionsView.m in Sources */,
				3BC491051EC383E300DA4B39 /* CheckCell.m in Sources */,
				3BC4910D1EC652E800DA4B39 /* SendViewController.m in Sources */,
			);
			runOnlyForDeploymentPostprocessing = 0;
		};
		3BC490881EBF9DF500DA4B39 /* Sources */ = {
			isa = PBXSourcesBuildPhase;
			buildActionMask = 2147483647;
			files = (
				3BC490911EBF9DF500DA4B39 /* RealtorChecksTests.m in Sources */,
			);
			runOnlyForDeploymentPostprocessing = 0;
		};
		3BC490931EBF9DF500DA4B39 /* Sources */ = {
			isa = PBXSourcesBuildPhase;
			buildActionMask = 2147483647;
			files = (
				3BC4909C1EBF9DF500DA4B39 /* RealtorChecksUITests.m in Sources */,
			);
			runOnlyForDeploymentPostprocessing = 0;
		};
/* End PBXSourcesBuildPhase section */

/* Begin PBXTargetDependency section */
		3BC4908E1EBF9DF500DA4B39 /* PBXTargetDependency */ = {
			isa = PBXTargetDependency;
			target = 3BC490721EBF9DF400DA4B39 /* RealtorChecks */;
			targetProxy = 3BC4908D1EBF9DF500DA4B39 /* PBXContainerItemProxy */;
		};
		3BC490991EBF9DF500DA4B39 /* PBXTargetDependency */ = {
			isa = PBXTargetDependency;
			target = 3BC490721EBF9DF400DA4B39 /* RealtorChecks */;
			targetProxy = 3BC490981EBF9DF500DA4B39 /* PBXContainerItemProxy */;
		};
/* End PBXTargetDependency section */

/* Begin PBXVariantGroup section */
		3BC4907F1EBF9DF400DA4B39 /* Main.storyboard */ = {
			isa = PBXVariantGroup;
			children = (
				3BC490801EBF9DF400DA4B39 /* Base */,
			);
			name = Main.storyboard;
			sourceTree = "<group>";
		};
		3BC490841EBF9DF400DA4B39 /* LaunchScreen.storyboard */ = {
			isa = PBXVariantGroup;
			children = (
				3BC490851EBF9DF400DA4B39 /* Base */,
			);
			name = LaunchScreen.storyboard;
			sourceTree = "<group>";
		};
/* End PBXVariantGroup section */

/* Begin XCBuildConfiguration section */
		3BC4909E1EBF9DF500DA4B39 /* Debug */ = {
			isa = XCBuildConfiguration;
			buildSettings = {
				ALWAYS_SEARCH_USER_PATHS = NO;
				CLANG_ANALYZER_NONNULL = YES;
				CLANG_ANALYZER_NUMBER_OBJECT_CONVERSION = YES_AGGRESSIVE;
				CLANG_CXX_LANGUAGE_STANDARD = "gnu++0x";
				CLANG_CXX_LIBRARY = "libc++";
				CLANG_ENABLE_MODULES = YES;
				CLANG_ENABLE_OBJC_ARC = YES;
				CLANG_WARN_BOOL_CONVERSION = YES;
				CLANG_WARN_CONSTANT_CONVERSION = YES;
				CLANG_WARN_DIRECT_OBJC_ISA_USAGE = YES_ERROR;
				CLANG_WARN_DOCUMENTATION_COMMENTS = YES;
				CLANG_WARN_EMPTY_BODY = YES;
				CLANG_WARN_ENUM_CONVERSION = YES;
				CLANG_WARN_INFINITE_RECURSION = YES;
				CLANG_WARN_INT_CONVERSION = YES;
				CLANG_WARN_OBJC_ROOT_CLASS = YES_ERROR;
				CLANG_WARN_SUSPICIOUS_MOVE = YES;
				CLANG_WARN_UNREACHABLE_CODE = YES;
				CLANG_WARN__DUPLICATE_METHOD_MATCH = YES;
				"CODE_SIGN_IDENTITY[sdk=iphoneos*]" = "iPhone Developer";
				COPY_PHASE_STRIP = NO;
				DEBUG_INFORMATION_FORMAT = dwarf;
				ENABLE_STRICT_OBJC_MSGSEND = YES;
				ENABLE_TESTABILITY = YES;
				GCC_C_LANGUAGE_STANDARD = gnu99;
				GCC_DYNAMIC_NO_PIC = NO;
				GCC_NO_COMMON_BLOCKS = YES;
				GCC_OPTIMIZATION_LEVEL = 0;
				GCC_PREPROCESSOR_DEFINITIONS = (
					"DEBUG=1",
					"$(inherited)",
				);
				GCC_WARN_64_TO_32_BIT_CONVERSION = YES;
				GCC_WARN_ABOUT_RETURN_TYPE = YES_ERROR;
				GCC_WARN_UNDECLARED_SELECTOR = YES;
				GCC_WARN_UNINITIALIZED_AUTOS = YES_AGGRESSIVE;
				GCC_WARN_UNUSED_FUNCTION = YES;
				GCC_WARN_UNUSED_VARIABLE = YES;
				IPHONEOS_DEPLOYMENT_TARGET = 8.0;
				MTL_ENABLE_DEBUG_INFO = YES;
				ONLY_ACTIVE_ARCH = YES;
				SDKROOT = iphoneos;
				TARGETED_DEVICE_FAMILY = "1,2";
			};
			name = Debug;
		};
		3BC4909F1EBF9DF500DA4B39 /* Release */ = {
			isa = XCBuildConfiguration;
			buildSettings = {
				ALWAYS_SEARCH_USER_PATHS = NO;
				CLANG_ANALYZER_NONNULL = YES;
				CLANG_ANALYZER_NUMBER_OBJECT_CONVERSION = YES_AGGRESSIVE;
				CLANG_CXX_LANGUAGE_STANDARD = "gnu++0x";
				CLANG_CXX_LIBRARY = "libc++";
				CLANG_ENABLE_MODULES = YES;
				CLANG_ENABLE_OBJC_ARC = YES;
				CLANG_WARN_BOOL_CONVERSION = YES;
				CLANG_WARN_CONSTANT_CONVERSION = YES;
				CLANG_WARN_DIRECT_OBJC_ISA_USAGE = YES_ERROR;
				CLANG_WARN_DOCUMENTATION_COMMENTS = YES;
				CLANG_WARN_EMPTY_BODY = YES;
				CLANG_WARN_ENUM_CONVERSION = YES;
				CLANG_WARN_INFINITE_RECURSION = YES;
				CLANG_WARN_INT_CONVERSION = YES;
				CLANG_WARN_OBJC_ROOT_CLASS = YES_ERROR;
				CLANG_WARN_SUSPICIOUS_MOVE = YES;
				CLANG_WARN_UNREACHABLE_CODE = YES;
				CLANG_WARN__DUPLICATE_METHOD_MATCH = YES;
				"CODE_SIGN_IDENTITY[sdk=iphoneos*]" = "iPhone Developer";
				COPY_PHASE_STRIP = NO;
				DEBUG_INFORMATION_FORMAT = "dwarf-with-dsym";
				ENABLE_NS_ASSERTIONS = NO;
				ENABLE_STRICT_OBJC_MSGSEND = YES;
				GCC_C_LANGUAGE_STANDARD = gnu99;
				GCC_NO_COMMON_BLOCKS = YES;
				GCC_WARN_64_TO_32_BIT_CONVERSION = YES;
				GCC_WARN_ABOUT_RETURN_TYPE = YES_ERROR;
				GCC_WARN_UNDECLARED_SELECTOR = YES;
				GCC_WARN_UNINITIALIZED_AUTOS = YES_AGGRESSIVE;
				GCC_WARN_UNUSED_FUNCTION = YES;
				GCC_WARN_UNUSED_VARIABLE = YES;
				IPHONEOS_DEPLOYMENT_TARGET = 8.0;
				MTL_ENABLE_DEBUG_INFO = NO;
				SDKROOT = iphoneos;
				TARGETED_DEVICE_FAMILY = "1,2";
				VALIDATE_PRODUCT = YES;
			};
			name = Release;
		};
		3BC490A11EBF9DF500DA4B39 /* Debug */ = {
			isa = XCBuildConfiguration;
			buildSettings = {
				ASSETCATALOG_COMPILER_APPICON_NAME = AppIcon;
				DEVELOPMENT_TEAM = Q443KXN5V7;
				INFOPLIST_FILE = RealtorChecks/Info.plist;
				IPHONEOS_DEPLOYMENT_TARGET = 8.0;
				LD_RUNPATH_SEARCH_PATHS = "$(inherited) @executable_path/Frameworks";
				PRODUCT_BUNDLE_IDENTIFIER = com.TripleTorus.RealtorChecks;
				PRODUCT_NAME = "$(TARGET_NAME)";
			};
			name = Debug;
		};
		3BC490A21EBF9DF500DA4B39 /* Release */ = {
			isa = XCBuildConfiguration;
			buildSettings = {
				ASSETCATALOG_COMPILER_APPICON_NAME = AppIcon;
				DEVELOPMENT_TEAM = Q443KXN5V7;
				INFOPLIST_FILE = RealtorChecks/Info.plist;
				IPHONEOS_DEPLOYMENT_TARGET = 8.0;
				LD_RUNPATH_SEARCH_PATHS = "$(inherited) @executable_path/Frameworks";
				PRODUCT_BUNDLE_IDENTIFIER = com.TripleTorus.RealtorChecks;
				PRODUCT_NAME = "$(TARGET_NAME)";
			};
			name = Release;
		};
		3BC490A41EBF9DF500DA4B39 /* Debug */ = {
			isa = XCBuildConfiguration;
			buildSettings = {
				BUNDLE_LOADER = "$(TEST_HOST)";
				DEVELOPMENT_TEAM = Q443KXN5V7;
				INFOPLIST_FILE = RealtorChecksTests/Info.plist;
				LD_RUNPATH_SEARCH_PATHS = "$(inherited) @executable_path/Frameworks @loader_path/Frameworks";
				PRODUCT_BUNDLE_IDENTIFIER = com.TripleTorus.RealtorChecksTests;
				PRODUCT_NAME = "$(TARGET_NAME)";
				TEST_HOST = "$(BUILT_PRODUCTS_DIR)/RealtorChecks.app/RealtorChecks";
			};
			name = Debug;
		};
		3BC490A51EBF9DF500DA4B39 /* Release */ = {
			isa = XCBuildConfiguration;
			buildSettings = {
				BUNDLE_LOADER = "$(TEST_HOST)";
				DEVELOPMENT_TEAM = Q443KXN5V7;
				INFOPLIST_FILE = RealtorChecksTests/Info.plist;
				LD_RUNPATH_SEARCH_PATHS = "$(inherited) @executable_path/Frameworks @loader_path/Frameworks";
				PRODUCT_BUNDLE_IDENTIFIER = com.TripleTorus.RealtorChecksTests;
				PRODUCT_NAME = "$(TARGET_NAME)";
				TEST_HOST = "$(BUILT_PRODUCTS_DIR)/RealtorChecks.app/RealtorChecks";
			};
			name = Release;
		};
		3BC490A71EBF9DF500DA4B39 /* Debug */ = {
			isa = XCBuildConfiguration;
			buildSettings = {
				DEVELOPMENT_TEAM = Q443KXN5V7;
				INFOPLIST_FILE = RealtorChecksUITests/Info.plist;
				LD_RUNPATH_SEARCH_PATHS = "$(inherited) @executable_path/Frameworks @loader_path/Frameworks";
				PRODUCT_BUNDLE_IDENTIFIER = com.TripleTorus.RealtorChecksUITests;
				PRODUCT_NAME = "$(TARGET_NAME)";
				TEST_TARGET_NAME = RealtorChecks;
			};
			name = Debug;
		};
		3BC490A81EBF9DF500DA4B39 /* Release */ = {
			isa = XCBuildConfiguration;
			buildSettings = {
				DEVELOPMENT_TEAM = Q443KXN5V7;
				INFOPLIST_FILE = RealtorChecksUITests/Info.plist;
				LD_RUNPATH_SEARCH_PATHS = "$(inherited) @executable_path/Frameworks @loader_path/Frameworks";
				PRODUCT_BUNDLE_IDENTIFIER = com.TripleTorus.RealtorChecksUITests;
				PRODUCT_NAME = "$(TARGET_NAME)";
				TEST_TARGET_NAME = RealtorChecks;
			};
			name = Release;
		};
/* End XCBuildConfiguration section */

/* Begin XCConfigurationList section */
		3BC4906E1EBF9DF400DA4B39 /* Build configuration list for PBXProject "RealtorChecks" */ = {
			isa = XCConfigurationList;
			buildConfigurations = (
				3BC4909E1EBF9DF500DA4B39 /* Debug */,
				3BC4909F1EBF9DF500DA4B39 /* Release */,
			);
			defaultConfigurationIsVisible = 0;
			defaultConfigurationName = Release;
		};
		3BC490A01EBF9DF500DA4B39 /* Build configuration list for PBXNativeTarget "RealtorChecks" */ = {
			isa = XCConfigurationList;
			buildConfigurations = (
				3BC490A11EBF9DF500DA4B39 /* Debug */,
				3BC490A21EBF9DF500DA4B39 /* Release */,
			);
			defaultConfigurationIsVisible = 0;
			defaultConfigurationName = Release;
		};
		3BC490A31EBF9DF500DA4B39 /* Build configuration list for PBXNativeTarget "RealtorChecksTests" */ = {
			isa = XCConfigurationList;
			buildConfigurations = (
				3BC490A41EBF9DF500DA4B39 /* Debug */,
				3BC490A51EBF9DF500DA4B39 /* Release */,
			);
			defaultConfigurationIsVisible = 0;
			defaultConfigurationName = Release;
		};
		3BC490A61EBF9DF500DA4B39 /* Build configuration list for PBXNativeTarget "RealtorChecksUITests" */ = {
			isa = XCConfigurationList;
			buildConfigurations = (
				3BC490A71EBF9DF500DA4B39 /* Debug */,
				3BC490A81EBF9DF500DA4B39 /* Release */,
			);
			defaultConfigurationIsVisible = 0;
			defaultConfigurationName = Release;
		};
/* End XCConfigurationList section */

/* Begin XCVersionGroup section */
		3BC490B51EC2BE4500DA4B39 /* Model.xcdatamodeld */ = {
			isa = XCVersionGroup;
			children = (
				3BC490B61EC2BE4500DA4B39 /* Model.xcdatamodel */,
			);
			currentVersion = 3BC490B61EC2BE4500DA4B39 /* Model.xcdatamodel */;
			path = Model.xcdatamodeld;
			sourceTree = "<group>";
			versionGroupType = wrapper.xcdatamodel;
		};
/* End XCVersionGroup section */
	};
	rootObject = 3BC4906B1EBF9DF400DA4B39 /* Project object */;
}
